<?xml version="1.0" encoding="utf-8"?>
<Project ToolsVersion="4.0" xmlns="http://schemas.microsoft.com/developer/msbuild/2003">
  <ItemGroup>
    <ClCompile Include="main.cpp" />
    <ClCompile Include="QDcmPluginTest.cpp" />
  </ItemGroup>
  <ItemGroup>
    <QtMoc Include="QDcmPluginTest.hpp" />
  </ItemGroup>
  <ItemGroup>
    <None Include="Resources\Samples\Explicit_Big-US-RGB_Plane-8-640x480.dcm">
      <Filter>Resources\Samples</Filter>
    </None>
    <None Include="Resources\Samples\Explicit_Little-CT-MONOCHROME_2-16-512x512.dcm">
      <Filter>Resources\Samples</Filter>
    </None>
    <None Include="Resources\Samples\Explicit_Little-MR-MONOCHROME_2-8-256x256x16.dcm">
      <Filter>Resources\Samples</Filter>
    </None>
    <None Include="Resources\Samples\Explicit_Little-NM-MONOCHROME_2-16-64x64x13.dcm">
      <Filter>Resources\Samples</Filter>
    </None>
    <None Include="Resources\Samples\Explicit_Little-US-MONOCHROME_2-8-128x120x8.dcm">
      <Filter>Resources\Samples</Filter>
    </None>
    <None Include="Resources\Samples\Explicit_Little-US-RGB-8-256x120.dcm">
      <Filter>Resources\Samples</Filter>
    </None>
    <None Include="Resources\Samples\Implicit_Little-CR-MONOCHROME_1-10-440x440-RAW.dcm">
      <Filter>Resources\Samples</Filter>
    </None>
    <None Include="Resources\Samples\Implicit_Little-CT-MONOCHROME_2-8-512x512.dcm">
      <Filter>Resources\Samples</Filter>
    </None>
    <None Include="Resources\Samples\Implicit_Little-CT-MONOCHROME_2-12-512x512-AN2.dcm">
      <Filter>Resources\Samples</Filter>
    </None>
    <None Include="Resources\Samples\Implicit_Little-CT-MONOCHROME_2-16-512x512.dcm">
      <Filter>Resources\Samples</Filter>
    </None>
    <None Include="Resources\Samples\Implicit_Little-MR-MONOCHROME_2-12-256x256-AN1.dcm">
      <Filter>Resources\Samples</Filter>
    </None>
    <None Include="Resources\Samples\Implicit_Little-MR-MONOCHROME_2-12-256x256-AN2.dcm">
      <Filter>Resources\Samples</Filter>
    </None>
    <None Include="Resources\Samples\Implicit_Little-MR-MONOCHROME_2-16-256x256.dcm">
      <Filter>Resources\Samples</Filter>
    </None>
    <None Include="Resources\Samples\Implicit_Little-OT-MONOCHROME_2-8-512x512-RAW.dcm">
      <Filter>Resources\Samples</Filter>
    </None>
    <None Include="Resources\Samples\Implicit_Little-OT-RGB_Palette-8-640x480-RAW.dcm">
      <Filter>Resources\Samples</Filter>
    </None>
    <None Include="Resources\Samples\JPEG_57-MR-MONOCHROME_2-12-1024x1024.dcm">
      <Filter>Resources\Samples</Filter>
    </None>
    <None Include="Resources\Samples\JPEG_70-CT-MONOCHROME_2-16-512x400.dcm">
      <Filter>Resources\Samples</Filter>
    </None>
    <None Include="Resources\Samples\JPEG_70-XA-MONOCHROME_2-8-512x512x12.dcm">
      <Filter>Resources\Samples</Filter>
    </None>
    <None Include="Resources\Samples\PNG.dcm">
      <Filter>Resources\Samples</Filter>
    </None>
    <None Include="Resources\Samples\RLE_Lossless-US-RGB_Palette-8-600x430x10.dcm">
      <Filter>Resources\Samples</Filter>
    </None>
  </ItemGroup>
  <ItemGroup>
    <Filter Include="Resources">
      <UniqueIdentifier>{6ae4ea2e-5340-4ffd-93eb-1b5131cf7773}</UniqueIdentifier>
    </Filter>
    <Filter Include="Resources\Samples">
      <UniqueIdentifier>{b0d3ef56-0275-4c06-a566-7070d795b45f}</UniqueIdentifier>
    </Filter>
  </ItemGroup>
  <ItemGroup>
    <QtRc Include="Resources\Resources.rc">
      <Filter>Resources</Filter>
    </QtRc>
  </ItemGroup>
</Project>